
Microsoft Visual Studio Solution File, Format Version 12.00
# Visual Studio 2012
Project("{FAE04EC0-301F-11D3-BF4B-00C04F79EFBC}") = "RPi.I2C.Net", "RPi.I2C.Net\RPi.I2C.Net.csproj", "{2AE6A02F-4B57-43A1-8C19-2917008215D5}"
EndProject
Project("{FAE04EC0-301F-11D3-BF4B-00C04F79EFBC}") = "SampleApp", "SampleApp\SampleApp.csproj", "{E0E90D49-343B-4BF5-B59C-ACBDB20D9275}"
EndProject
Global
	GlobalSection(SolutionConfigurationPlatforms) = preSolution
		Debug|Any CPU = Debug|Any CPU
		Release|Any CPU = Release|Any CPU
	EndGlobalSection
	GlobalSection(ProjectConfigurationPlatforms) = postSolution
		{2AE6A02F-4B57-43A1-8C19-2917008215D5}.Debug|Any CPU.ActiveCfg = Debug|Any CPU
		{2AE6A02F-4B57-43A1-8C19-2917008215D5}.Debug|Any CPU.Build.0 = Debug|Any CPU
		{2AE6A02F-4B57-43A1-8C19-2917008215D5}.Release|Any CPU.ActiveCfg = Release|Any CPU
		{2AE6A02F-4B57-43A1-8C19-2917008215D5}.Release|Any CPU.Build.0 = Release|Any CPU
		{E0E90D49-343B-4BF5-B59C-ACBDB20D9275}.Debug|Any CPU.ActiveCfg = Debug|Any CPU
		{E0E90D49-343B-4BF5-B59C-ACBDB20D9275}.Debug|Any CPU.Build.0 = Debug|Any CPU
		{E0E90D49-343B-4BF5-B59C-ACBDB20D9275}.Release|Any CPU.ActiveCfg = Release|Any CPU
		{E0E90D49-343B-4BF5-B59C-ACBDB20D9275}.Release|Any CPU.Build.0 = Release|Any CPU
	EndGlobalSection
	GlobalSection(SolutionProperties) = preSolution
		HideSolutionNode = FALSE
	EndGlobalSection
EndGlobal
